// !$*UTF8*$!
{
	archiveVersion = 1;
	classes = {
	};
	objectVersion = 56;
	objects = {

/* Begin PBXBuildFile section */
		41038BE02B68801E0093C794 /* DevelopmentTests.swift in Sources */ = {isa = PBXBuildFile; fileRef = 41038BDF2B68801E0093C794 /* DevelopmentTests.swift */; };
		41038BE22B6883E40093C794 /* ExtensionTests.swift in Sources */ = {isa = PBXBuildFile; fileRef = 41038BE12B6883E40093C794 /* ExtensionTests.swift */; };
		41038BE52B688B600093C794 /* DecodableDictionary.json in Resources */ = {isa = PBXBuildFile; fileRef = 41038BE42B688B600093C794 /* DecodableDictionary.json */; };
		41038BE72B688B850093C794 /* DecodableString.json in Resources */ = {isa = PBXBuildFile; fileRef = 41038BE62B688B850093C794 /* DecodableString.json */; };
		4117A5812B58B7DF006BD701 /* Issue-CoreDataHelpers.swift in Sources */ = {isa = PBXBuildFile; fileRef = 4117A5802B58B7DF006BD701 /* Issue-CoreDataHelpers.swift */; };
		4117A5832B58B986006BD701 /* Tag-CoreDataHelpers.swift in Sources */ = {isa = PBXBuildFile; fileRef = 4117A5822B58B986006BD701 /* Tag-CoreDataHelpers.swift */; };
		41401A452B69B42A00B42EED /* UltimatePortfolioUITests.swift in Sources */ = {isa = PBXBuildFile; fileRef = 41401A442B69B42A00B42EED /* UltimatePortfolioUITests.swift */; };
		41401A472B69B42A00B42EED /* UltimatePortfolioUITestsLaunchTests.swift in Sources */ = {isa = PBXBuildFile; fileRef = 41401A462B69B42A00B42EED /* UltimatePortfolioUITestsLaunchTests.swift */; };
		4141C6F32B61D2560036EC84 /* Colors.xcassets in Resources */ = {isa = PBXBuildFile; fileRef = 4141C6F12B61D2560036EC84 /* Colors.xcassets */; };
		4141C6F62B61D55C0036EC84 /* Award.swift in Sources */ = {isa = PBXBuildFile; fileRef = 4141C6F52B61D55C0036EC84 /* Award.swift */; };
		4141C6F82B61D69D0036EC84 /* AwardsView.swift in Sources */ = {isa = PBXBuildFile; fileRef = 4141C6F72B61D69D0036EC84 /* AwardsView.swift */; };
		4141C7032B63402F0036EC84 /* Localizable.strings in Resources */ = {isa = PBXBuildFile; fileRef = 4141C7052B63402F0036EC84 /* Localizable.strings */; };
		4141C7062B6340380036EC84 /* Localizable.stringsdict in Resources */ = {isa = PBXBuildFile; fileRef = 4141C7082B6340380036EC84 /* Localizable.stringsdict */; };
		4141C70B2B6341650036EC84 /* Awards.json in Resources */ = {isa = PBXBuildFile; fileRef = 4141C70D2B6341650036EC84 /* Awards.json */; };
		4145D49F2B59D4270002CA91 /* IssueRow.swift in Sources */ = {isa = PBXBuildFile; fileRef = 4145D49E2B59D4270002CA91 /* IssueRow.swift */; };
		4145D4A12B59F36F0002CA91 /* IssueView.swift in Sources */ = {isa = PBXBuildFile; fileRef = 4145D4A02B59F36F0002CA91 /* IssueView.swift */; };
		4145D4A32B59F37C0002CA91 /* NoIssueView.swift in Sources */ = {isa = PBXBuildFile; fileRef = 4145D4A22B59F37C0002CA91 /* NoIssueView.swift */; };
		416BD7CC2B699E9800C91A8B /* PerformanceTests.swift in Sources */ = {isa = PBXBuildFile; fileRef = 416BD7CB2B699E9800C91A8B /* PerformanceTests.swift */; };
		417E5E4C2B55EE5F002F8B87 /* UltimatePortfolioApp.swift in Sources */ = {isa = PBXBuildFile; fileRef = 417E5E4B2B55EE5F002F8B87 /* UltimatePortfolioApp.swift */; };
		417E5E4E2B55EE5F002F8B87 /* ContentView.swift in Sources */ = {isa = PBXBuildFile; fileRef = 417E5E4D2B55EE5F002F8B87 /* ContentView.swift */; };
		417E5E502B55EE61002F8B87 /* Assets.xcassets in Resources */ = {isa = PBXBuildFile; fileRef = 417E5E4F2B55EE61002F8B87 /* Assets.xcassets */; };
		417E5E542B55EE61002F8B87 /* Preview Assets.xcassets in Resources */ = {isa = PBXBuildFile; fileRef = 417E5E532B55EE61002F8B87 /* Preview Assets.xcassets */; };
		41CD14DB2B57529700DFA242 /* Main.xcdatamodeld in Sources */ = {isa = PBXBuildFile; fileRef = 41CD14D92B57529700DFA242 /* Main.xcdatamodeld */; };
		41CD14DD2B575A3400DFA242 /* DataController.swift in Sources */ = {isa = PBXBuildFile; fileRef = 41CD14DC2B575A3400DFA242 /* DataController.swift */; };
		41CD14E02B5894E700DFA242 /* SidebarView.swift in Sources */ = {isa = PBXBuildFile; fileRef = 41CD14DF2B5894E700DFA242 /* SidebarView.swift */; };
		41CD14E22B58950E00DFA242 /* DetailView.swift in Sources */ = {isa = PBXBuildFile; fileRef = 41CD14E12B58950E00DFA242 /* DetailView.swift */; };
		41CD14E42B589BEC00DFA242 /* Filter.swift in Sources */ = {isa = PBXBuildFile; fileRef = 41CD14E32B589BEC00DFA242 /* Filter.swift */; };
		41D3465C2B608B6D00F0F9D4 /* Bundle-Decodable.swift in Sources */ = {isa = PBXBuildFile; fileRef = 41D3465B2B608B6D00F0F9D4 /* Bundle-Decodable.swift */; };
		41E9A4B62B69D9C0002B8F10 /* UltimatePortfolioUITests.xctestplan in Resources */ = {isa = PBXBuildFile; fileRef = 41E9A4B52B69D9C0002B8F10 /* UltimatePortfolioUITests.xctestplan */; };
		41F7996C2B6461E600071C84 /* SideBarViewToolbar.swift in Sources */ = {isa = PBXBuildFile; fileRef = 41F7996B2B6461E600071C84 /* SideBarViewToolbar.swift */; };
		41F7996E2B6463D900071C84 /* IssueViewToolbar.swift in Sources */ = {isa = PBXBuildFile; fileRef = 41F7996D2B6463D900071C84 /* IssueViewToolbar.swift */; };
		41F799702B6464B700071C84 /* ContentViewToolbar.swift in Sources */ = {isa = PBXBuildFile; fileRef = 41F7996F2B6464B700071C84 /* ContentViewToolbar.swift */; };
		41F799722B64676D00071C84 /* TagsMenuView.swift in Sources */ = {isa = PBXBuildFile; fileRef = 41F799712B64676D00071C84 /* TagsMenuView.swift */; };
		41F799742B646C0800071C84 /* SmartFilterRow.swift in Sources */ = {isa = PBXBuildFile; fileRef = 41F799732B646C0800071C84 /* SmartFilterRow.swift */; };
		41F799762B64798B00071C84 /* UserFilterRow.swift in Sources */ = {isa = PBXBuildFile; fileRef = 41F799752B64798B00071C84 /* UserFilterRow.swift */; };
		41F799892B672FED00071C84 /* UltimatePortfolioTests.swift in Sources */ = {isa = PBXBuildFile; fileRef = 41F799882B672FED00071C84 /* UltimatePortfolioTests.swift */; };
		41F799912B685ACA00071C84 /* AssetTests.swift in Sources */ = {isa = PBXBuildFile; fileRef = 41F799902B685ACA00071C84 /* AssetTests.swift */; };
		41F799932B685F2600071C84 /* TagTests.swift in Sources */ = {isa = PBXBuildFile; fileRef = 41F799922B685F2600071C84 /* TagTests.swift */; };
		41F799952B68635600071C84 /* AwardsTest.swift in Sources */ = {isa = PBXBuildFile; fileRef = 41F799942B68635600071C84 /* AwardsTest.swift */; };
/* End PBXBuildFile section */

/* Begin PBXContainerItemProxy section */
		41401A482B69B42A00B42EED /* PBXContainerItemProxy */ = {
			isa = PBXContainerItemProxy;
			containerPortal = 417E5E402B55EE5F002F8B87 /* Project object */;
			proxyType = 1;
			remoteGlobalIDString = 417E5E472B55EE5F002F8B87;
			remoteInfo = UltimatePortfolio;
		};
		41F7998A2B672FED00071C84 /* PBXContainerItemProxy */ = {
			isa = PBXContainerItemProxy;
			containerPortal = 417E5E402B55EE5F002F8B87 /* Project object */;
			proxyType = 1;
			remoteGlobalIDString = 417E5E472B55EE5F002F8B87;
			remoteInfo = UltimatePortfolio;
		};
/* End PBXContainerItemProxy section */

/* Begin PBXFileReference section */
		41038BDF2B68801E0093C794 /* DevelopmentTests.swift */ = {isa = PBXFileReference; lastKnownFileType = sourcecode.swift; path = DevelopmentTests.swift; sourceTree = "<group>"; };
		41038BE12B6883E40093C794 /* ExtensionTests.swift */ = {isa = PBXFileReference; lastKnownFileType = sourcecode.swift; name = ExtensionTests.swift; path = UltimatePortfolioTests/ExtensionTests.swift; sourceTree = SOURCE_ROOT; };
		41038BE42B688B600093C794 /* DecodableDictionary.json */ = {isa = PBXFileReference; lastKnownFileType = text.json; path = DecodableDictionary.json; sourceTree = "<group>"; };
		41038BE62B688B850093C794 /* DecodableString.json */ = {isa = PBXFileReference; lastKnownFileType = text.json; path = DecodableString.json; sourceTree = "<group>"; };
		4117A5802B58B7DF006BD701 /* Issue-CoreDataHelpers.swift */ = {isa = PBXFileReference; lastKnownFileType = sourcecode.swift; path = "Issue-CoreDataHelpers.swift"; sourceTree = "<group>"; };
		4117A5822B58B986006BD701 /* Tag-CoreDataHelpers.swift */ = {isa = PBXFileReference; lastKnownFileType = sourcecode.swift; path = "Tag-CoreDataHelpers.swift"; sourceTree = "<group>"; };
		41401A422B69B42A00B42EED /* UltimatePortfolioUITests.xctest */ = {isa = PBXFileReference; explicitFileType = wrapper.cfbundle; includeInIndex = 0; path = UltimatePortfolioUITests.xctest; sourceTree = BUILT_PRODUCTS_DIR; };
		41401A442B69B42A00B42EED /* UltimatePortfolioUITests.swift */ = {isa = PBXFileReference; lastKnownFileType = sourcecode.swift; path = UltimatePortfolioUITests.swift; sourceTree = "<group>"; };
		41401A462B69B42A00B42EED /* UltimatePortfolioUITestsLaunchTests.swift */ = {isa = PBXFileReference; lastKnownFileType = sourcecode.swift; path = UltimatePortfolioUITestsLaunchTests.swift; sourceTree = "<group>"; };
		4141C6F12B61D2560036EC84 /* Colors.xcassets */ = {isa = PBXFileReference; lastKnownFileType = folder.assetcatalog; path = Colors.xcassets; sourceTree = "<group>"; };
		4141C6F52B61D55C0036EC84 /* Award.swift */ = {isa = PBXFileReference; lastKnownFileType = sourcecode.swift; path = Award.swift; sourceTree = "<group>"; };
		4141C6F72B61D69D0036EC84 /* AwardsView.swift */ = {isa = PBXFileReference; lastKnownFileType = sourcecode.swift; path = AwardsView.swift; sourceTree = "<group>"; };
		4141C7042B63402F0036EC84 /* en */ = {isa = PBXFileReference; lastKnownFileType = text.plist.strings; name = en; path = en.lproj/Localizable.strings; sourceTree = "<group>"; };
		4141C7072B6340380036EC84 /* en */ = {isa = PBXFileReference; lastKnownFileType = text.plist.stringsdict; name = en; path = en.lproj/Localizable.stringsdict; sourceTree = "<group>"; };
		4141C7092B63404D0036EC84 /* hu */ = {isa = PBXFileReference; lastKnownFileType = text.plist.strings; name = hu; path = hu.lproj/Localizable.strings; sourceTree = "<group>"; };
		4141C70A2B6340B70036EC84 /* hu */ = {isa = PBXFileReference; lastKnownFileType = text.plist.stringsdict; name = hu; path = hu.lproj/Localizable.stringsdict; sourceTree = "<group>"; };
		4141C70C2B6341650036EC84 /* en */ = {isa = PBXFileReference; lastKnownFileType = text.json; name = en; path = en.lproj/Awards.json; sourceTree = "<group>"; };
		4141C70E2B6341680036EC84 /* hu */ = {isa = PBXFileReference; lastKnownFileType = text.json; name = hu; path = hu.lproj/Awards.json; sourceTree = "<group>"; };
		4145D49E2B59D4270002CA91 /* IssueRow.swift */ = {isa = PBXFileReference; lastKnownFileType = sourcecode.swift; path = IssueRow.swift; sourceTree = "<group>"; };
		4145D4A02B59F36F0002CA91 /* IssueView.swift */ = {isa = PBXFileReference; lastKnownFileType = sourcecode.swift; path = IssueView.swift; sourceTree = "<group>"; };
		4145D4A22B59F37C0002CA91 /* NoIssueView.swift */ = {isa = PBXFileReference; lastKnownFileType = sourcecode.swift; path = NoIssueView.swift; sourceTree = "<group>"; };
		416BD7CB2B699E9800C91A8B /* PerformanceTests.swift */ = {isa = PBXFileReference; lastKnownFileType = sourcecode.swift; name = PerformanceTests.swift; path = UltimatePortfolioTests/PerformanceTests.swift; sourceTree = SOURCE_ROOT; };
		417E5E482B55EE5F002F8B87 /* UltimatePortfolio.app */ = {isa = PBXFileReference; explicitFileType = wrapper.application; includeInIndex = 0; path = UltimatePortfolio.app; sourceTree = BUILT_PRODUCTS_DIR; };
		417E5E4B2B55EE5F002F8B87 /* UltimatePortfolioApp.swift */ = {isa = PBXFileReference; lastKnownFileType = sourcecode.swift; path = UltimatePortfolioApp.swift; sourceTree = "<group>"; };
		417E5E4D2B55EE5F002F8B87 /* ContentView.swift */ = {isa = PBXFileReference; lastKnownFileType = sourcecode.swift; path = ContentView.swift; sourceTree = "<group>"; };
		417E5E4F2B55EE61002F8B87 /* Assets.xcassets */ = {isa = PBXFileReference; lastKnownFileType = folder.assetcatalog; path = Assets.xcassets; sourceTree = "<group>"; };
		417E5E512B55EE61002F8B87 /* UltimatePortfolio.entitlements */ = {isa = PBXFileReference; lastKnownFileType = text.plist.entitlements; path = UltimatePortfolio.entitlements; sourceTree = "<group>"; };
		417E5E532B55EE61002F8B87 /* Preview Assets.xcassets */ = {isa = PBXFileReference; lastKnownFileType = folder.assetcatalog; path = "Preview Assets.xcassets"; sourceTree = "<group>"; };
		41CD14DA2B57529700DFA242 /* Main.xcdatamodel */ = {isa = PBXFileReference; lastKnownFileType = wrapper.xcdatamodel; path = Main.xcdatamodel; sourceTree = "<group>"; };
		41CD14DC2B575A3400DFA242 /* DataController.swift */ = {isa = PBXFileReference; lastKnownFileType = sourcecode.swift; path = DataController.swift; sourceTree = "<group>"; };
		41CD14DE2B576FE500DFA242 /* Info.plist */ = {isa = PBXFileReference; lastKnownFileType = text.plist.xml; path = Info.plist; sourceTree = "<group>"; };
		41CD14DF2B5894E700DFA242 /* SidebarView.swift */ = {isa = PBXFileReference; lastKnownFileType = sourcecode.swift; path = SidebarView.swift; sourceTree = "<group>"; };
		41CD14E12B58950E00DFA242 /* DetailView.swift */ = {isa = PBXFileReference; lastKnownFileType = sourcecode.swift; path = DetailView.swift; sourceTree = "<group>"; };
		41CD14E32B589BEC00DFA242 /* Filter.swift */ = {isa = PBXFileReference; lastKnownFileType = sourcecode.swift; path = Filter.swift; sourceTree = "<group>"; };
		41D3465B2B608B6D00F0F9D4 /* Bundle-Decodable.swift */ = {isa = PBXFileReference; lastKnownFileType = sourcecode.swift; path = "Bundle-Decodable.swift"; sourceTree = "<group>"; };
		41E9A4B52B69D9C0002B8F10 /* UltimatePortfolioUITests.xctestplan */ = {isa = PBXFileReference; fileEncoding = 4; lastKnownFileType = text; path = UltimatePortfolioUITests.xctestplan; sourceTree = "<group>"; };
		41F7996B2B6461E600071C84 /* SideBarViewToolbar.swift */ = {isa = PBXFileReference; lastKnownFileType = sourcecode.swift; path = SideBarViewToolbar.swift; sourceTree = "<group>"; };
		41F7996D2B6463D900071C84 /* IssueViewToolbar.swift */ = {isa = PBXFileReference; lastKnownFileType = sourcecode.swift; path = IssueViewToolbar.swift; sourceTree = "<group>"; };
		41F7996F2B6464B700071C84 /* ContentViewToolbar.swift */ = {isa = PBXFileReference; lastKnownFileType = sourcecode.swift; path = ContentViewToolbar.swift; sourceTree = "<group>"; };
		41F799712B64676D00071C84 /* TagsMenuView.swift */ = {isa = PBXFileReference; lastKnownFileType = sourcecode.swift; path = TagsMenuView.swift; sourceTree = "<group>"; };
		41F799732B646C0800071C84 /* SmartFilterRow.swift */ = {isa = PBXFileReference; lastKnownFileType = sourcecode.swift; path = SmartFilterRow.swift; sourceTree = "<group>"; };
		41F799752B64798B00071C84 /* UserFilterRow.swift */ = {isa = PBXFileReference; lastKnownFileType = sourcecode.swift; path = UserFilterRow.swift; sourceTree = "<group>"; };
		41F799862B672FED00071C84 /* UltimatePortfolioTests.xctest */ = {isa = PBXFileReference; explicitFileType = wrapper.cfbundle; includeInIndex = 0; path = UltimatePortfolioTests.xctest; sourceTree = BUILT_PRODUCTS_DIR; };
		41F799882B672FED00071C84 /* UltimatePortfolioTests.swift */ = {isa = PBXFileReference; lastKnownFileType = sourcecode.swift; path = UltimatePortfolioTests.swift; sourceTree = "<group>"; };
		41F7998F2B6731B300071C84 /* UltimatePortfolio.xctestplan */ = {isa = PBXFileReference; lastKnownFileType = text; name = UltimatePortfolio.xctestplan; path = UltimatePortfolioTests/UltimatePortfolio.xctestplan; sourceTree = SOURCE_ROOT; };
		41F799902B685ACA00071C84 /* AssetTests.swift */ = {isa = PBXFileReference; lastKnownFileType = sourcecode.swift; path = AssetTests.swift; sourceTree = "<group>"; };
		41F799922B685F2600071C84 /* TagTests.swift */ = {isa = PBXFileReference; lastKnownFileType = sourcecode.swift; path = TagTests.swift; sourceTree = "<group>"; };
		41F799942B68635600071C84 /* AwardsTest.swift */ = {isa = PBXFileReference; lastKnownFileType = sourcecode.swift; path = AwardsTest.swift; sourceTree = "<group>"; };
/* End PBXFileReference section */

/* Begin PBXFrameworksBuildPhase section */
		41401A3F2B69B42A00B42EED /* Frameworks */ = {
			isa = PBXFrameworksBuildPhase;
			buildActionMask = 2147483647;
			files = (
			);
			runOnlyForDeploymentPostprocessing = 0;
		};
		417E5E452B55EE5F002F8B87 /* Frameworks */ = {
			isa = PBXFrameworksBuildPhase;
			buildActionMask = 2147483647;
			files = (
			);
			runOnlyForDeploymentPostprocessing = 0;
		};
		41F799832B672FED00071C84 /* Frameworks */ = {
			isa = PBXFrameworksBuildPhase;
			buildActionMask = 2147483647;
			files = (
			);
			runOnlyForDeploymentPostprocessing = 0;
		};
/* End PBXFrameworksBuildPhase section */

/* Begin PBXGroup section */
		41038BE32B688B240093C794 /* Fixtures */ = {
			isa = PBXGroup;
			children = (
				41038BE42B688B600093C794 /* DecodableDictionary.json */,
				41038BE62B688B850093C794 /* DecodableString.json */,
			);
			path = Fixtures;
			sourceTree = "<group>";
		};
		41401A432B69B42A00B42EED /* UltimatePortfolioUITests */ = {
			isa = PBXGroup;
			children = (
				41E9A4B52B69D9C0002B8F10 /* UltimatePortfolioUITests.xctestplan */,
				41401A442B69B42A00B42EED /* UltimatePortfolioUITests.swift */,
				41401A462B69B42A00B42EED /* UltimatePortfolioUITestsLaunchTests.swift */,
			);
			path = UltimatePortfolioUITests;
			sourceTree = "<group>";
		};
		417E5E3F2B55EE5F002F8B87 = {
			isa = PBXGroup;
			children = (
				417E5E4A2B55EE5F002F8B87 /* UltimatePortfolio */,
				41F799872B672FED00071C84 /* UltimatePortfolioTests */,
				41401A432B69B42A00B42EED /* UltimatePortfolioUITests */,
				417E5E492B55EE5F002F8B87 /* Products */,
			);
			sourceTree = "<group>";
		};
		417E5E492B55EE5F002F8B87 /* Products */ = {
			isa = PBXGroup;
			children = (
				417E5E482B55EE5F002F8B87 /* UltimatePortfolio.app */,
				41F799862B672FED00071C84 /* UltimatePortfolioTests.xctest */,
				41401A422B69B42A00B42EED /* UltimatePortfolioUITests.xctest */,
			);
			name = Products;
			sourceTree = "<group>";
		};
		417E5E4A2B55EE5F002F8B87 /* UltimatePortfolio */ = {
			isa = PBXGroup;
			children = (
				41CD14DC2B575A3400DFA242 /* DataController.swift */,
				41F7997D2B67297600071C84 /* Filters */,
				41F7997F2B67298800071C84 /* Issues */,
				41F799802B67298F00071C84 /* Editing */,
				41F799812B67299A00071C84 /* Awards */,
				41F7997B2B6726E200071C84 /* Extensions */,
				41F799782B67262F00071C84 /* Localization */,
				41F7997C2B67271300071C84 /* Configuration */,
				417E5E4B2B55EE5F002F8B87 /* UltimatePortfolioApp.swift */,
				417E5E4F2B55EE61002F8B87 /* Assets.xcassets */,
				4141C6F12B61D2560036EC84 /* Colors.xcassets */,
				417E5E522B55EE61002F8B87 /* Preview Content */,
			);
			path = UltimatePortfolio;
			sourceTree = "<group>";
		};
		417E5E522B55EE61002F8B87 /* Preview Content */ = {
			isa = PBXGroup;
			children = (
				417E5E532B55EE61002F8B87 /* Preview Assets.xcassets */,
			);
			path = "Preview Content";
			sourceTree = "<group>";
		};
		41F799782B67262F00071C84 /* Localization */ = {
			isa = PBXGroup;
			children = (
				4141C7052B63402F0036EC84 /* Localizable.strings */,
				4141C7082B6340380036EC84 /* Localizable.stringsdict */,
			);
			path = Localization;
			sourceTree = "<group>";
		};
		41F7997B2B6726E200071C84 /* Extensions */ = {
			isa = PBXGroup;
			children = (
				4117A5802B58B7DF006BD701 /* Issue-CoreDataHelpers.swift */,
				4117A5822B58B986006BD701 /* Tag-CoreDataHelpers.swift */,
				41D3465B2B608B6D00F0F9D4 /* Bundle-Decodable.swift */,
			);
			path = Extensions;
			sourceTree = "<group>";
		};
		41F7997C2B67271300071C84 /* Configuration */ = {
			isa = PBXGroup;
			children = (
				41CD14DE2B576FE500DFA242 /* Info.plist */,
				41CD14D92B57529700DFA242 /* Main.xcdatamodeld */,
				417E5E512B55EE61002F8B87 /* UltimatePortfolio.entitlements */,
			);
			path = Configuration;
			sourceTree = "<group>";
		};
		41F7997D2B67297600071C84 /* Filters */ = {
			isa = PBXGroup;
			children = (
				41CD14E32B589BEC00DFA242 /* Filter.swift */,
				41CD14DF2B5894E700DFA242 /* SidebarView.swift */,
				41F7996B2B6461E600071C84 /* SideBarViewToolbar.swift */,
				41F799732B646C0800071C84 /* SmartFilterRow.swift */,
				41F799752B64798B00071C84 /* UserFilterRow.swift */,
			);
			path = Filters;
			sourceTree = "<group>";
		};
		41F7997F2B67298800071C84 /* Issues */ = {
			isa = PBXGroup;
			children = (
				417E5E4D2B55EE5F002F8B87 /* ContentView.swift */,
				41F7996F2B6464B700071C84 /* ContentViewToolbar.swift */,
				4145D49E2B59D4270002CA91 /* IssueRow.swift */,
			);
			path = Issues;
			sourceTree = "<group>";
		};
		41F799802B67298F00071C84 /* Editing */ = {
			isa = PBXGroup;
			children = (
				41CD14E12B58950E00DFA242 /* DetailView.swift */,
				4145D4A02B59F36F0002CA91 /* IssueView.swift */,
				4145D4A22B59F37C0002CA91 /* NoIssueView.swift */,
				41F7996D2B6463D900071C84 /* IssueViewToolbar.swift */,
				41F799712B64676D00071C84 /* TagsMenuView.swift */,
			);
			path = Editing;
			sourceTree = "<group>";
		};
		41F799812B67299A00071C84 /* Awards */ = {
			isa = PBXGroup;
			children = (
				4141C6F52B61D55C0036EC84 /* Award.swift */,
				4141C6F72B61D69D0036EC84 /* AwardsView.swift */,
				4141C70D2B6341650036EC84 /* Awards.json */,
			);
			path = Awards;
			sourceTree = "<group>";
		};
		41F799872B672FED00071C84 /* UltimatePortfolioTests */ = {
			isa = PBXGroup;
			children = (
				41038BE32B688B240093C794 /* Fixtures */,
				41F7998F2B6731B300071C84 /* UltimatePortfolio.xctestplan */,
				416BD7CB2B699E9800C91A8B /* PerformanceTests.swift */,
				41F799882B672FED00071C84 /* UltimatePortfolioTests.swift */,
				41F799902B685ACA00071C84 /* AssetTests.swift */,
				41F799942B68635600071C84 /* AwardsTest.swift */,
				41038BDF2B68801E0093C794 /* DevelopmentTests.swift */,
				41038BE12B6883E40093C794 /* ExtensionTests.swift */,
				41F799922B685F2600071C84 /* TagTests.swift */,
			);
			path = UltimatePortfolioTests;
			sourceTree = "<group>";
		};
/* End PBXGroup section */

/* Begin PBXNativeTarget section */
		41401A412B69B42A00B42EED /* UltimatePortfolioUITests */ = {
			isa = PBXNativeTarget;
			buildConfigurationList = 41401A4C2B69B42A00B42EED /* Build configuration list for PBXNativeTarget "UltimatePortfolioUITests" */;
			buildPhases = (
				41401A3E2B69B42A00B42EED /* Sources */,
				41401A3F2B69B42A00B42EED /* Frameworks */,
				41401A402B69B42A00B42EED /* Resources */,
			);
			buildRules = (
			);
			dependencies = (
				41401A492B69B42A00B42EED /* PBXTargetDependency */,
			);
			name = UltimatePortfolioUITests;
			productName = UltimatePortfolioUITests;
			productReference = 41401A422B69B42A00B42EED /* UltimatePortfolioUITests.xctest */;
			productType = "com.apple.product-type.bundle.ui-testing";
		};
		417E5E472B55EE5F002F8B87 /* UltimatePortfolio */ = {
			isa = PBXNativeTarget;
			buildConfigurationList = 417E5E572B55EE61002F8B87 /* Build configuration list for PBXNativeTarget "UltimatePortfolio" */;
			buildPhases = (
				417E5E442B55EE5F002F8B87 /* Sources */,
				417E5E452B55EE5F002F8B87 /* Frameworks */,
				417E5E462B55EE5F002F8B87 /* Resources */,
			);
			buildRules = (
			);
			dependencies = (
			);
			name = UltimatePortfolio;
			productName = UltimatePortfolio;
			productReference = 417E5E482B55EE5F002F8B87 /* UltimatePortfolio.app */;
			productType = "com.apple.product-type.application";
		};
		41F799852B672FED00071C84 /* UltimatePortfolioTests */ = {
			isa = PBXNativeTarget;
			buildConfigurationList = 41F7998C2B672FED00071C84 /* Build configuration list for PBXNativeTarget "UltimatePortfolioTests" */;
			buildPhases = (
				41F799822B672FED00071C84 /* Sources */,
				41F799832B672FED00071C84 /* Frameworks */,
				41F799842B672FED00071C84 /* Resources */,
			);
			buildRules = (
			);
			dependencies = (
				41F7998B2B672FED00071C84 /* PBXTargetDependency */,
			);
			name = UltimatePortfolioTests;
			productName = UltimatePortfolioTests;
			productReference = 41F799862B672FED00071C84 /* UltimatePortfolioTests.xctest */;
			productType = "com.apple.product-type.bundle.unit-test";
		};
/* End PBXNativeTarget section */

/* Begin PBXProject section */
		417E5E402B55EE5F002F8B87 /* Project object */ = {
			isa = PBXProject;
			attributes = {
				BuildIndependentTargetsInParallel = 1;
				LastSwiftUpdateCheck = 1520;
				LastUpgradeCheck = 1520;
				TargetAttributes = {
					41401A412B69B42A00B42EED = {
						CreatedOnToolsVersion = 15.2;
						TestTargetID = 417E5E472B55EE5F002F8B87;
					};
					417E5E472B55EE5F002F8B87 = {
						CreatedOnToolsVersion = 15.2;
					};
					41F799852B672FED00071C84 = {
						CreatedOnToolsVersion = 15.2;
						TestTargetID = 417E5E472B55EE5F002F8B87;
					};
				};
			};
			buildConfigurationList = 417E5E432B55EE5F002F8B87 /* Build configuration list for PBXProject "UltimatePortfolio" */;
			compatibilityVersion = "Xcode 14.0";
			developmentRegion = en;
			hasScannedForEncodings = 0;
			knownRegions = (
				en,
				Base,
				hu,
			);
			mainGroup = 417E5E3F2B55EE5F002F8B87;
			productRefGroup = 417E5E492B55EE5F002F8B87 /* Products */;
			projectDirPath = "";
			projectRoot = "";
			targets = (
				417E5E472B55EE5F002F8B87 /* UltimatePortfolio */,
				41F799852B672FED00071C84 /* UltimatePortfolioTests */,
				41401A412B69B42A00B42EED /* UltimatePortfolioUITests */,
			);
		};
/* End PBXProject section */

/* Begin PBXResourcesBuildPhase section */
		41401A402B69B42A00B42EED /* Resources */ = {
			isa = PBXResourcesBuildPhase;
			buildActionMask = 2147483647;
			files = (
				41E9A4B62B69D9C0002B8F10 /* UltimatePortfolioUITests.xctestplan in Resources */,
			);
			runOnlyForDeploymentPostprocessing = 0;
		};
		417E5E462B55EE5F002F8B87 /* Resources */ = {
			isa = PBXResourcesBuildPhase;
			buildActionMask = 2147483647;
			files = (
				4141C6F32B61D2560036EC84 /* Colors.xcassets in Resources */,
				4141C70B2B6341650036EC84 /* Awards.json in Resources */,
				4141C7032B63402F0036EC84 /* Localizable.strings in Resources */,
				417E5E542B55EE61002F8B87 /* Preview Assets.xcassets in Resources */,
				4141C7062B6340380036EC84 /* Localizable.stringsdict in Resources */,
				417E5E502B55EE61002F8B87 /* Assets.xcassets in Resources */,
			);
			runOnlyForDeploymentPostprocessing = 0;
		};
		41F799842B672FED00071C84 /* Resources */ = {
			isa = PBXResourcesBuildPhase;
			buildActionMask = 2147483647;
			files = (
				41038BE72B688B850093C794 /* DecodableString.json in Resources */,
				41038BE52B688B600093C794 /* DecodableDictionary.json in Resources */,
			);
			runOnlyForDeploymentPostprocessing = 0;
		};
/* End PBXResourcesBuildPhase section */

/* Begin PBXSourcesBuildPhase section */
		41401A3E2B69B42A00B42EED /* Sources */ = {
			isa = PBXSourcesBuildPhase;
			buildActionMask = 2147483647;
			files = (
				41401A472B69B42A00B42EED /* UltimatePortfolioUITestsLaunchTests.swift in Sources */,
				41401A452B69B42A00B42EED /* UltimatePortfolioUITests.swift in Sources */,
			);
			runOnlyForDeploymentPostprocessing = 0;
		};
		417E5E442B55EE5F002F8B87 /* Sources */ = {
			isa = PBXSourcesBuildPhase;
			buildActionMask = 2147483647;
			files = (
				41CD14E42B589BEC00DFA242 /* Filter.swift in Sources */,
				41F799722B64676D00071C84 /* TagsMenuView.swift in Sources */,
				4141C6F62B61D55C0036EC84 /* Award.swift in Sources */,
				41F7996E2B6463D900071C84 /* IssueViewToolbar.swift in Sources */,
				41F799742B646C0800071C84 /* SmartFilterRow.swift in Sources */,
				4141C6F82B61D69D0036EC84 /* AwardsView.swift in Sources */,
				4117A5832B58B986006BD701 /* Tag-CoreDataHelpers.swift in Sources */,
				41CD14DB2B57529700DFA242 /* Main.xcdatamodeld in Sources */,
				4117A5812B58B7DF006BD701 /* Issue-CoreDataHelpers.swift in Sources */,
				41D3465C2B608B6D00F0F9D4 /* Bundle-Decodable.swift in Sources */,
				41CD14E22B58950E00DFA242 /* DetailView.swift in Sources */,
				41CD14DD2B575A3400DFA242 /* DataController.swift in Sources */,
				41F799702B6464B700071C84 /* ContentViewToolbar.swift in Sources */,
				41CD14E02B5894E700DFA242 /* SidebarView.swift in Sources */,
				417E5E4E2B55EE5F002F8B87 /* ContentView.swift in Sources */,
				41F7996C2B6461E600071C84 /* SideBarViewToolbar.swift in Sources */,
				4145D4A12B59F36F0002CA91 /* IssueView.swift in Sources */,
				41F799762B64798B00071C84 /* UserFilterRow.swift in Sources */,
				4145D4A32B59F37C0002CA91 /* NoIssueView.swift in Sources */,
				4145D49F2B59D4270002CA91 /* IssueRow.swift in Sources */,
				417E5E4C2B55EE5F002F8B87 /* UltimatePortfolioApp.swift in Sources */,
			);
			runOnlyForDeploymentPostprocessing = 0;
		};
		41F799822B672FED00071C84 /* Sources */ = {
			isa = PBXSourcesBuildPhase;
			buildActionMask = 2147483647;
			files = (
				416BD7CC2B699E9800C91A8B /* PerformanceTests.swift in Sources */,
				41F799912B685ACA00071C84 /* AssetTests.swift in Sources */,
				41F799952B68635600071C84 /* AwardsTest.swift in Sources */,
				41F799932B685F2600071C84 /* TagTests.swift in Sources */,
				41038BE22B6883E40093C794 /* ExtensionTests.swift in Sources */,
				41F799892B672FED00071C84 /* UltimatePortfolioTests.swift in Sources */,
				41038BE02B68801E0093C794 /* DevelopmentTests.swift in Sources */,
			);
			runOnlyForDeploymentPostprocessing = 0;
		};
/* End PBXSourcesBuildPhase section */

/* Begin PBXTargetDependency section */
		41401A492B69B42A00B42EED /* PBXTargetDependency */ = {
			isa = PBXTargetDependency;
			target = 417E5E472B55EE5F002F8B87 /* UltimatePortfolio */;
			targetProxy = 41401A482B69B42A00B42EED /* PBXContainerItemProxy */;
		};
		41F7998B2B672FED00071C84 /* PBXTargetDependency */ = {
			isa = PBXTargetDependency;
			target = 417E5E472B55EE5F002F8B87 /* UltimatePortfolio */;
			targetProxy = 41F7998A2B672FED00071C84 /* PBXContainerItemProxy */;
		};
/* End PBXTargetDependency section */

/* Begin PBXVariantGroup section */
		4141C7052B63402F0036EC84 /* Localizable.strings */ = {
			isa = PBXVariantGroup;
			children = (
				4141C7042B63402F0036EC84 /* en */,
				4141C7092B63404D0036EC84 /* hu */,
			);
			name = Localizable.strings;
			sourceTree = "<group>";
		};
		4141C7082B6340380036EC84 /* Localizable.stringsdict */ = {
			isa = PBXVariantGroup;
			children = (
				4141C7072B6340380036EC84 /* en */,
				4141C70A2B6340B70036EC84 /* hu */,
			);
			name = Localizable.stringsdict;
			sourceTree = "<group>";
		};
		4141C70D2B6341650036EC84 /* Awards.json */ = {
			isa = PBXVariantGroup;
			children = (
				4141C70C2B6341650036EC84 /* en */,
				4141C70E2B6341680036EC84 /* hu */,
			);
			name = Awards.json;
			sourceTree = "<group>";
		};
/* End PBXVariantGroup section */

/* Begin XCBuildConfiguration section */
		41401A4A2B69B42A00B42EED /* Debug */ = {
			isa = XCBuildConfiguration;
			buildSettings = {
				CODE_SIGN_STYLE = Automatic;
				CURRENT_PROJECT_VERSION = 1;
				DEVELOPMENT_TEAM = CWCBRR328H;
				GENERATE_INFOPLIST_FILE = YES;
				IPHONEOS_DEPLOYMENT_TARGET = 17.2;
				MARKETING_VERSION = 1.0;
				PRODUCT_BUNDLE_IDENTIFIER = BJ914.UltimatePortfolioUITests;
				PRODUCT_NAME = "$(TARGET_NAME)";
				SDKROOT = iphoneos;
				SWIFT_EMIT_LOC_STRINGS = NO;
				SWIFT_VERSION = 5.0;
				TARGETED_DEVICE_FAMILY = "1,2";
				TEST_TARGET_NAME = UltimatePortfolio;
			};
			name = Debug;
		};
		41401A4B2B69B42A00B42EED /* Release */ = {
			isa = XCBuildConfiguration;
			buildSettings = {
				CODE_SIGN_STYLE = Automatic;
				CURRENT_PROJECT_VERSION = 1;
				DEVELOPMENT_TEAM = CWCBRR328H;
				GENERATE_INFOPLIST_FILE = YES;
				IPHONEOS_DEPLOYMENT_TARGET = 17.2;
				MARKETING_VERSION = 1.0;
				PRODUCT_BUNDLE_IDENTIFIER = BJ914.UltimatePortfolioUITests;
				PRODUCT_NAME = "$(TARGET_NAME)";
				SDKROOT = iphoneos;
				SWIFT_EMIT_LOC_STRINGS = NO;
				SWIFT_VERSION = 5.0;
				TARGETED_DEVICE_FAMILY = "1,2";
				TEST_TARGET_NAME = UltimatePortfolio;
				VALIDATE_PRODUCT = YES;
			};
			name = Release;
		};
		417E5E552B55EE61002F8B87 /* Debug */ = {
			isa = XCBuildConfiguration;
			buildSettings = {
				ALWAYS_SEARCH_USER_PATHS = NO;
				ASSETCATALOG_COMPILER_GENERATE_SWIFT_ASSET_SYMBOL_EXTENSIONS = YES;
				CLANG_ANALYZER_NONNULL = YES;
				CLANG_ANALYZER_NUMBER_OBJECT_CONVERSION = YES_AGGRESSIVE;
				CLANG_CXX_LANGUAGE_STANDARD = "gnu++20";
				CLANG_ENABLE_MODULES = YES;
				CLANG_ENABLE_OBJC_ARC = YES;
				CLANG_ENABLE_OBJC_WEAK = YES;
				CLANG_WARN_BLOCK_CAPTURE_AUTORELEASING = YES;
				CLANG_WARN_BOOL_CONVERSION = YES;
				CLANG_WARN_COMMA = YES;
				CLANG_WARN_CONSTANT_CONVERSION = YES;
				CLANG_WARN_DEPRECATED_OBJC_IMPLEMENTATIONS = YES;
				CLANG_WARN_DIRECT_OBJC_ISA_USAGE = YES_ERROR;
				CLANG_WARN_DOCUMENTATION_COMMENTS = YES;
				CLANG_WARN_EMPTY_BODY = YES;
				CLANG_WARN_ENUM_CONVERSION = YES;
				CLANG_WARN_INFINITE_RECURSION = YES;
				CLANG_WARN_INT_CONVERSION = YES;
				CLANG_WARN_NON_LITERAL_NULL_CONVERSION = YES;
				CLANG_WARN_OBJC_IMPLICIT_RETAIN_SELF = YES;
				CLANG_WARN_OBJC_LITERAL_CONVERSION = YES;
				CLANG_WARN_OBJC_ROOT_CLASS = YES_ERROR;
				CLANG_WARN_QUOTED_INCLUDE_IN_FRAMEWORK_HEADER = YES;
				CLANG_WARN_RANGE_LOOP_ANALYSIS = YES;
				CLANG_WARN_STRICT_PROTOTYPES = YES;
				CLANG_WARN_SUSPICIOUS_MOVE = YES;
				CLANG_WARN_UNGUARDED_AVAILABILITY = YES_AGGRESSIVE;
				CLANG_WARN_UNREACHABLE_CODE = YES;
				CLANG_WARN__DUPLICATE_METHOD_MATCH = YES;
				COPY_PHASE_STRIP = NO;
				DEBUG_INFORMATION_FORMAT = dwarf;
				ENABLE_STRICT_OBJC_MSGSEND = YES;
				ENABLE_TESTABILITY = YES;
				ENABLE_USER_SCRIPT_SANDBOXING = YES;
				GCC_C_LANGUAGE_STANDARD = gnu17;
				GCC_DYNAMIC_NO_PIC = NO;
				GCC_NO_COMMON_BLOCKS = YES;
				GCC_OPTIMIZATION_LEVEL = 0;
				GCC_PREPROCESSOR_DEFINITIONS = (
					"DEBUG=1",
					"$(inherited)",
				);
				GCC_WARN_64_TO_32_BIT_CONVERSION = YES;
				GCC_WARN_ABOUT_RETURN_TYPE = YES_ERROR;
				GCC_WARN_UNDECLARED_SELECTOR = YES;
				GCC_WARN_UNINITIALIZED_AUTOS = YES_AGGRESSIVE;
				GCC_WARN_UNUSED_FUNCTION = YES;
				GCC_WARN_UNUSED_VARIABLE = YES;
				LOCALIZATION_PREFERS_STRING_CATALOGS = YES;
				MTL_ENABLE_DEBUG_INFO = INCLUDE_SOURCE;
				MTL_FAST_MATH = YES;
				ONLY_ACTIVE_ARCH = YES;
				SWIFT_ACTIVE_COMPILATION_CONDITIONS = "DEBUG $(inherited)";
				SWIFT_OPTIMIZATION_LEVEL = "-Onone";
			};
			name = Debug;
		};
		417E5E562B55EE61002F8B87 /* Release */ = {
			isa = XCBuildConfiguration;
			buildSettings = {
				ALWAYS_SEARCH_USER_PATHS = NO;
				ASSETCATALOG_COMPILER_GENERATE_SWIFT_ASSET_SYMBOL_EXTENSIONS = YES;
				CLANG_ANALYZER_NONNULL = YES;
				CLANG_ANALYZER_NUMBER_OBJECT_CONVERSION = YES_AGGRESSIVE;
				CLANG_CXX_LANGUAGE_STANDARD = "gnu++20";
				CLANG_ENABLE_MODULES = YES;
				CLANG_ENABLE_OBJC_ARC = YES;
				CLANG_ENABLE_OBJC_WEAK = YES;
				CLANG_WARN_BLOCK_CAPTURE_AUTORELEASING = YES;
				CLANG_WARN_BOOL_CONVERSION = YES;
				CLANG_WARN_COMMA = YES;
				CLANG_WARN_CONSTANT_CONVERSION = YES;
				CLANG_WARN_DEPRECATED_OBJC_IMPLEMENTATIONS = YES;
				CLANG_WARN_DIRECT_OBJC_ISA_USAGE = YES_ERROR;
				CLANG_WARN_DOCUMENTATION_COMMENTS = YES;
				CLANG_WARN_EMPTY_BODY = YES;
				CLANG_WARN_ENUM_CONVERSION = YES;
				CLANG_WARN_INFINITE_RECURSION = YES;
				CLANG_WARN_INT_CONVERSION = YES;
				CLANG_WARN_NON_LITERAL_NULL_CONVERSION = YES;
				CLANG_WARN_OBJC_IMPLICIT_RETAIN_SELF = YES;
				CLANG_WARN_OBJC_LITERAL_CONVERSION = YES;
				CLANG_WARN_OBJC_ROOT_CLASS = YES_ERROR;
				CLANG_WARN_QUOTED_INCLUDE_IN_FRAMEWORK_HEADER = YES;
				CLANG_WARN_RANGE_LOOP_ANALYSIS = YES;
				CLANG_WARN_STRICT_PROTOTYPES = YES;
				CLANG_WARN_SUSPICIOUS_MOVE = YES;
				CLANG_WARN_UNGUARDED_AVAILABILITY = YES_AGGRESSIVE;
				CLANG_WARN_UNREACHABLE_CODE = YES;
				CLANG_WARN__DUPLICATE_METHOD_MATCH = YES;
				COPY_PHASE_STRIP = NO;
				DEBUG_INFORMATION_FORMAT = "dwarf-with-dsym";
				ENABLE_NS_ASSERTIONS = NO;
				ENABLE_STRICT_OBJC_MSGSEND = YES;
				ENABLE_USER_SCRIPT_SANDBOXING = YES;
				GCC_C_LANGUAGE_STANDARD = gnu17;
				GCC_NO_COMMON_BLOCKS = YES;
				GCC_WARN_64_TO_32_BIT_CONVERSION = YES;
				GCC_WARN_ABOUT_RETURN_TYPE = YES_ERROR;
				GCC_WARN_UNDECLARED_SELECTOR = YES;
				GCC_WARN_UNINITIALIZED_AUTOS = YES_AGGRESSIVE;
				GCC_WARN_UNUSED_FUNCTION = YES;
				GCC_WARN_UNUSED_VARIABLE = YES;
				LOCALIZATION_PREFERS_STRING_CATALOGS = YES;
				MTL_ENABLE_DEBUG_INFO = NO;
				MTL_FAST_MATH = YES;
				SWIFT_COMPILATION_MODE = wholemodule;
			};
			name = Release;
		};
		417E5E582B55EE61002F8B87 /* Debug */ = {
			isa = XCBuildConfiguration;
			buildSettings = {
				ASSETCATALOG_COMPILER_APPICON_NAME = AppIcon;
				ASSETCATALOG_COMPILER_GLOBAL_ACCENT_COLOR_NAME = AccentColor;
				CODE_SIGN_ENTITLEMENTS = UltimatePortfolio/Configuration/UltimatePortfolio.entitlements;
				CODE_SIGN_STYLE = Automatic;
				CURRENT_PROJECT_VERSION = 1;
				DEVELOPMENT_ASSET_PATHS = "\"UltimatePortfolio/Preview Content\"";
				DEVELOPMENT_TEAM = CWCBRR328H;
				ENABLE_HARDENED_RUNTIME = YES;
				ENABLE_PREVIEWS = YES;
				GENERATE_INFOPLIST_FILE = YES;
				INFOPLIST_FILE = UltimatePortfolio/Configuration/Info.plist;
				"INFOPLIST_KEY_UIApplicationSceneManifest_Generation[sdk=iphoneos*]" = YES;
				"INFOPLIST_KEY_UIApplicationSceneManifest_Generation[sdk=iphonesimulator*]" = YES;
				"INFOPLIST_KEY_UIApplicationSupportsIndirectInputEvents[sdk=iphoneos*]" = YES;
				"INFOPLIST_KEY_UIApplicationSupportsIndirectInputEvents[sdk=iphonesimulator*]" = YES;
				"INFOPLIST_KEY_UILaunchScreen_Generation[sdk=iphoneos*]" = YES;
				"INFOPLIST_KEY_UILaunchScreen_Generation[sdk=iphonesimulator*]" = YES;
				"INFOPLIST_KEY_UIStatusBarStyle[sdk=iphoneos*]" = UIStatusBarStyleDefault;
				"INFOPLIST_KEY_UIStatusBarStyle[sdk=iphonesimulator*]" = UIStatusBarStyleDefault;
				INFOPLIST_KEY_UISupportedInterfaceOrientations_iPad = "UIInterfaceOrientationPortrait UIInterfaceOrientationPortraitUpsideDown UIInterfaceOrientationLandscapeLeft UIInterfaceOrientationLandscapeRight";
				INFOPLIST_KEY_UISupportedInterfaceOrientations_iPhone = "UIInterfaceOrientationPortrait UIInterfaceOrientationLandscapeLeft UIInterfaceOrientationLandscapeRight";
				IPHONEOS_DEPLOYMENT_TARGET = 17.2;
				LD_RUNPATH_SEARCH_PATHS = "@executable_path/Frameworks";
				"LD_RUNPATH_SEARCH_PATHS[sdk=macosx*]" = "@executable_path/../Frameworks";
				MACOSX_DEPLOYMENT_TARGET = 14.2;
				MARKETING_VERSION = 1.0;
				PRODUCT_BUNDLE_IDENTIFIER = BJ914.UltimatePortfolio;
				PRODUCT_NAME = "$(TARGET_NAME)";
				SDKROOT = auto;
				SUPPORTED_PLATFORMS = "iphoneos iphonesimulator macosx";
				SWIFT_EMIT_LOC_STRINGS = YES;
				SWIFT_VERSION = 5.0;
				TARGETED_DEVICE_FAMILY = "1,2";
			};
			name = Debug;
		};
		417E5E592B55EE61002F8B87 /* Release */ = {
			isa = XCBuildConfiguration;
			buildSettings = {
				ASSETCATALOG_COMPILER_APPICON_NAME = AppIcon;
				ASSETCATALOG_COMPILER_GLOBAL_ACCENT_COLOR_NAME = AccentColor;
				CODE_SIGN_ENTITLEMENTS = UltimatePortfolio/Configuration/UltimatePortfolio.entitlements;
				CODE_SIGN_STYLE = Automatic;
				CURRENT_PROJECT_VERSION = 1;
				DEVELOPMENT_ASSET_PATHS = "\"UltimatePortfolio/Preview Content\"";
				DEVELOPMENT_TEAM = CWCBRR328H;
				ENABLE_HARDENED_RUNTIME = YES;
				ENABLE_PREVIEWS = YES;
				GENERATE_INFOPLIST_FILE = YES;
				INFOPLIST_FILE = UltimatePortfolio/Configuration/Info.plist;
				"INFOPLIST_KEY_UIApplicationSceneManifest_Generation[sdk=iphoneos*]" = YES;
				"INFOPLIST_KEY_UIApplicationSceneManifest_Generation[sdk=iphonesimulator*]" = YES;
				"INFOPLIST_KEY_UIApplicationSupportsIndirectInputEvents[sdk=iphoneos*]" = YES;
				"INFOPLIST_KEY_UIApplicationSupportsIndirectInputEvents[sdk=iphonesimulator*]" = YES;
				"INFOPLIST_KEY_UILaunchScreen_Generation[sdk=iphoneos*]" = YES;
				"INFOPLIST_KEY_UILaunchScreen_Generation[sdk=iphonesimulator*]" = YES;
				"INFOPLIST_KEY_UIStatusBarStyle[sdk=iphoneos*]" = UIStatusBarStyleDefault;
				"INFOPLIST_KEY_UIStatusBarStyle[sdk=iphonesimulator*]" = UIStatusBarStyleDefault;
				INFOPLIST_KEY_UISupportedInterfaceOrientations_iPad = "UIInterfaceOrientationPortrait UIInterfaceOrientationPortraitUpsideDown UIInterfaceOrientationLandscapeLeft UIInterfaceOrientationLandscapeRight";
				INFOPLIST_KEY_UISupportedInterfaceOrientations_iPhone = "UIInterfaceOrientationPortrait UIInterfaceOrientationLandscapeLeft UIInterfaceOrientationLandscapeRight";
				IPHONEOS_DEPLOYMENT_TARGET = 17.2;
				LD_RUNPATH_SEARCH_PATHS = "@executable_path/Frameworks";
				"LD_RUNPATH_SEARCH_PATHS[sdk=macosx*]" = "@executable_path/../Frameworks";
				MACOSX_DEPLOYMENT_TARGET = 14.2;
				MARKETING_VERSION = 1.0;
				PRODUCT_BUNDLE_IDENTIFIER = BJ914.UltimatePortfolio;
				PRODUCT_NAME = "$(TARGET_NAME)";
				SDKROOT = auto;
				SUPPORTED_PLATFORMS = "iphoneos iphonesimulator macosx";
				SWIFT_EMIT_LOC_STRINGS = YES;
				SWIFT_VERSION = 5.0;
				TARGETED_DEVICE_FAMILY = "1,2";
			};
			name = Release;
		};
		41F7998D2B672FED00071C84 /* Debug */ = {
			isa = XCBuildConfiguration;
			buildSettings = {
				BUNDLE_LOADER = "$(TEST_HOST)";
				CODE_SIGN_STYLE = Automatic;
				CURRENT_PROJECT_VERSION = 1;
				DEVELOPMENT_TEAM = CWCBRR328H;
				GENERATE_INFOPLIST_FILE = YES;
				IPHONEOS_DEPLOYMENT_TARGET = 17.2;
				MARKETING_VERSION = 1.0;
				PRODUCT_BUNDLE_IDENTIFIER = BJ914.UltimatePortfolioTests;
				PRODUCT_NAME = "$(TARGET_NAME)";
				SDKROOT = iphoneos;
				SWIFT_EMIT_LOC_STRINGS = NO;
				SWIFT_VERSION = 5.0;
				TARGETED_DEVICE_FAMILY = "1,2";
				TEST_HOST = "$(BUILT_PRODUCTS_DIR)/UltimatePortfolio.app/$(BUNDLE_EXECUTABLE_FOLDER_PATH)/UltimatePortfolio";
			};
			name = Debug;
		};
		41F7998E2B672FED00071C84 /* Release */ = {
			isa = XCBuildConfiguration;
			buildSettings = {
				BUNDLE_LOADER = "$(TEST_HOST)";
				CODE_SIGN_STYLE = Automatic;
				CURRENT_PROJECT_VERSION = 1;
				DEVELOPMENT_TEAM = CWCBRR328H;
				GENERATE_INFOPLIST_FILE = YES;
				IPHONEOS_DEPLOYMENT_TARGET = 17.2;
				MARKETING_VERSION = 1.0;
				PRODUCT_BUNDLE_IDENTIFIER = BJ914.UltimatePortfolioTests;
				PRODUCT_NAME = "$(TARGET_NAME)";
				SDKROOT = iphoneos;
				SWIFT_EMIT_LOC_STRINGS = NO;
				SWIFT_VERSION = 5.0;
				TARGETED_DEVICE_FAMILY = "1,2";
				TEST_HOST = "$(BUILT_PRODUCTS_DIR)/UltimatePortfolio.app/$(BUNDLE_EXECUTABLE_FOLDER_PATH)/UltimatePortfolio";
				VALIDATE_PRODUCT = YES;
			};
			name = Release;
		};
/* End XCBuildConfiguration section */

/* Begin XCConfigurationList section */
		41401A4C2B69B42A00B42EED /* Build configuration list for PBXNativeTarget "UltimatePortfolioUITests" */ = {
			isa = XCConfigurationList;
			buildConfigurations = (
				41401A4A2B69B42A00B42EED /* Debug */,
				41401A4B2B69B42A00B42EED /* Release */,
			);
			defaultConfigurationIsVisible = 0;
			defaultConfigurationName = Release;
		};
		417E5E432B55EE5F002F8B87 /* Build configuration list for PBXProject "UltimatePortfolio" */ = {
			isa = XCConfigurationList;
			buildConfigurations = (
				417E5E552B55EE61002F8B87 /* Debug */,
				417E5E562B55EE61002F8B87 /* Release */,
			);
			defaultConfigurationIsVisible = 0;
			defaultConfigurationName = Release;
		};
		417E5E572B55EE61002F8B87 /* Build configuration list for PBXNativeTarget "UltimatePortfolio" */ = {
			isa = XCConfigurationList;
			buildConfigurations = (
				417E5E582B55EE61002F8B87 /* Debug */,
				417E5E592B55EE61002F8B87 /* Release */,
			);
			defaultConfigurationIsVisible = 0;
			defaultConfigurationName = Release;
		};
		41F7998C2B672FED00071C84 /* Build configuration list for PBXNativeTarget "UltimatePortfolioTests" */ = {
			isa = XCConfigurationList;
			buildConfigurations = (
				41F7998D2B672FED00071C84 /* Debug */,
				41F7998E2B672FED00071C84 /* Release */,
			);
			defaultConfigurationIsVisible = 0;
			defaultConfigurationName = Release;
		};
/* End XCConfigurationList section */

/* Begin XCVersionGroup section */
		41CD14D92B57529700DFA242 /* Main.xcdatamodeld */ = {
			isa = XCVersionGroup;
			children = (
				41CD14DA2B57529700DFA242 /* Main.xcdatamodel */,
			);
			currentVersion = 41CD14DA2B57529700DFA242 /* Main.xcdatamodel */;
			path = Main.xcdatamodeld;
			sourceTree = "<group>";
			versionGroupType = wrapper.xcdatamodel;
		};
/* End XCVersionGroup section */
	};
	rootObject = 417E5E402B55EE5F002F8B87 /* Project object */;
}
