// !$*UTF8*$!
{
	archiveVersion = 1;
	classes = {
	};
	objectVersion = 56;
	objects = {

/* Begin PBXBuildFile section */
		4117A5812B58B7DF006BD701 /* Issue-CoreDataHelpers.swift in Sources */ = {isa = PBXBuildFile; fileRef = 4117A5802B58B7DF006BD701 /* Issue-CoreDataHelpers.swift */; };
		4117A5832B58B986006BD701 /* Tag-CoreDataHelpers.swift in Sources */ = {isa = PBXBuildFile; fileRef = 4117A5822B58B986006BD701 /* Tag-CoreDataHelpers.swift */; };
		4141C6F32B61D2560036EC84 /* Colors.xcassets in Resources */ = {isa = PBXBuildFile; fileRef = 4141C6F12B61D2560036EC84 /* Colors.xcassets */; };
		4141C6F42B61D2560036EC84 /* Awards.json in Resources */ = {isa = PBXBuildFile; fileRef = 4141C6F22B61D2560036EC84 /* Awards.json */; };
		4141C6F62B61D55C0036EC84 /* Award.swift in Sources */ = {isa = PBXBuildFile; fileRef = 4141C6F52B61D55C0036EC84 /* Award.swift */; };
		4141C6F82B61D69D0036EC84 /* AwardsView.swift in Sources */ = {isa = PBXBuildFile; fileRef = 4141C6F72B61D69D0036EC84 /* AwardsView.swift */; };
		4145D49F2B59D4270002CA91 /* IssueRow.swift in Sources */ = {isa = PBXBuildFile; fileRef = 4145D49E2B59D4270002CA91 /* IssueRow.swift */; };
		4145D4A12B59F36F0002CA91 /* IssueView.swift in Sources */ = {isa = PBXBuildFile; fileRef = 4145D4A02B59F36F0002CA91 /* IssueView.swift */; };
		4145D4A32B59F37C0002CA91 /* NoIssueView.swift in Sources */ = {isa = PBXBuildFile; fileRef = 4145D4A22B59F37C0002CA91 /* NoIssueView.swift */; };
		417E5E4C2B55EE5F002F8B87 /* UltimatePortfolioApp.swift in Sources */ = {isa = PBXBuildFile; fileRef = 417E5E4B2B55EE5F002F8B87 /* UltimatePortfolioApp.swift */; };
		417E5E4E2B55EE5F002F8B87 /* ContentView.swift in Sources */ = {isa = PBXBuildFile; fileRef = 417E5E4D2B55EE5F002F8B87 /* ContentView.swift */; };
		417E5E502B55EE61002F8B87 /* Assets.xcassets in Resources */ = {isa = PBXBuildFile; fileRef = 417E5E4F2B55EE61002F8B87 /* Assets.xcassets */; };
		417E5E542B55EE61002F8B87 /* Preview Assets.xcassets in Resources */ = {isa = PBXBuildFile; fileRef = 417E5E532B55EE61002F8B87 /* Preview Assets.xcassets */; };
		41CD14DB2B57529700DFA242 /* Main.xcdatamodeld in Sources */ = {isa = PBXBuildFile; fileRef = 41CD14D92B57529700DFA242 /* Main.xcdatamodeld */; };
		41CD14DD2B575A3400DFA242 /* DataController.swift in Sources */ = {isa = PBXBuildFile; fileRef = 41CD14DC2B575A3400DFA242 /* DataController.swift */; };
		41CD14E02B5894E700DFA242 /* SidebarView.swift in Sources */ = {isa = PBXBuildFile; fileRef = 41CD14DF2B5894E700DFA242 /* SidebarView.swift */; };
		41CD14E22B58950E00DFA242 /* DetailView.swift in Sources */ = {isa = PBXBuildFile; fileRef = 41CD14E12B58950E00DFA242 /* DetailView.swift */; };
		41CD14E42B589BEC00DFA242 /* Filter.swift in Sources */ = {isa = PBXBuildFile; fileRef = 41CD14E32B589BEC00DFA242 /* Filter.swift */; };
		41D3465C2B608B6D00F0F9D4 /* Bundle-Decodable.swift in Sources */ = {isa = PBXBuildFile; fileRef = 41D3465B2B608B6D00F0F9D4 /* Bundle-Decodable.swift */; };
/* End PBXBuildFile section */

/* Begin PBXFileReference section */
		4117A5802B58B7DF006BD701 /* Issue-CoreDataHelpers.swift */ = {isa = PBXFileReference; lastKnownFileType = sourcecode.swift; path = "Issue-CoreDataHelpers.swift"; sourceTree = "<group>"; };
		4117A5822B58B986006BD701 /* Tag-CoreDataHelpers.swift */ = {isa = PBXFileReference; lastKnownFileType = sourcecode.swift; path = "Tag-CoreDataHelpers.swift"; sourceTree = "<group>"; };
		4141C6F12B61D2560036EC84 /* Colors.xcassets */ = {isa = PBXFileReference; lastKnownFileType = folder.assetcatalog; path = Colors.xcassets; sourceTree = "<group>"; };
		4141C6F22B61D2560036EC84 /* Awards.json */ = {isa = PBXFileReference; fileEncoding = 4; lastKnownFileType = text.json; path = Awards.json; sourceTree = "<group>"; };
		4141C6F52B61D55C0036EC84 /* Award.swift */ = {isa = PBXFileReference; lastKnownFileType = sourcecode.swift; path = Award.swift; sourceTree = "<group>"; };
		4141C6F72B61D69D0036EC84 /* AwardsView.swift */ = {isa = PBXFileReference; lastKnownFileType = sourcecode.swift; path = AwardsView.swift; sourceTree = "<group>"; };
		4145D49E2B59D4270002CA91 /* IssueRow.swift */ = {isa = PBXFileReference; lastKnownFileType = sourcecode.swift; path = IssueRow.swift; sourceTree = "<group>"; };
		4145D4A02B59F36F0002CA91 /* IssueView.swift */ = {isa = PBXFileReference; lastKnownFileType = sourcecode.swift; path = IssueView.swift; sourceTree = "<group>"; };
		4145D4A22B59F37C0002CA91 /* NoIssueView.swift */ = {isa = PBXFileReference; lastKnownFileType = sourcecode.swift; path = NoIssueView.swift; sourceTree = "<group>"; };
		417E5E482B55EE5F002F8B87 /* UltimatePortfolio.app */ = {isa = PBXFileReference; explicitFileType = wrapper.application; includeInIndex = 0; path = UltimatePortfolio.app; sourceTree = BUILT_PRODUCTS_DIR; };
		417E5E4B2B55EE5F002F8B87 /* UltimatePortfolioApp.swift */ = {isa = PBXFileReference; lastKnownFileType = sourcecode.swift; path = UltimatePortfolioApp.swift; sourceTree = "<group>"; };
		417E5E4D2B55EE5F002F8B87 /* ContentView.swift */ = {isa = PBXFileReference; lastKnownFileType = sourcecode.swift; path = ContentView.swift; sourceTree = "<group>"; };
		417E5E4F2B55EE61002F8B87 /* Assets.xcassets */ = {isa = PBXFileReference; lastKnownFileType = folder.assetcatalog; path = Assets.xcassets; sourceTree = "<group>"; };
		417E5E512B55EE61002F8B87 /* UltimatePortfolio.entitlements */ = {isa = PBXFileReference; lastKnownFileType = text.plist.entitlements; path = UltimatePortfolio.entitlements; sourceTree = "<group>"; };
		417E5E532B55EE61002F8B87 /* Preview Assets.xcassets */ = {isa = PBXFileReference; lastKnownFileType = folder.assetcatalog; path = "Preview Assets.xcassets"; sourceTree = "<group>"; };
		41CD14DA2B57529700DFA242 /* Main.xcdatamodel */ = {isa = PBXFileReference; lastKnownFileType = wrapper.xcdatamodel; path = Main.xcdatamodel; sourceTree = "<group>"; };
		41CD14DC2B575A3400DFA242 /* DataController.swift */ = {isa = PBXFileReference; lastKnownFileType = sourcecode.swift; path = DataController.swift; sourceTree = "<group>"; };
		41CD14DE2B576FE500DFA242 /* Info.plist */ = {isa = PBXFileReference; lastKnownFileType = text.plist; path = Info.plist; sourceTree = "<group>"; };
		41CD14DF2B5894E700DFA242 /* SidebarView.swift */ = {isa = PBXFileReference; lastKnownFileType = sourcecode.swift; path = SidebarView.swift; sourceTree = "<group>"; };
		41CD14E12B58950E00DFA242 /* DetailView.swift */ = {isa = PBXFileReference; lastKnownFileType = sourcecode.swift; path = DetailView.swift; sourceTree = "<group>"; };
		41CD14E32B589BEC00DFA242 /* Filter.swift */ = {isa = PBXFileReference; lastKnownFileType = sourcecode.swift; path = Filter.swift; sourceTree = "<group>"; };
		41D3465B2B608B6D00F0F9D4 /* Bundle-Decodable.swift */ = {isa = PBXFileReference; lastKnownFileType = sourcecode.swift; path = "Bundle-Decodable.swift"; sourceTree = "<group>"; };
/* End PBXFileReference section */

/* Begin PBXFrameworksBuildPhase section */
		417E5E452B55EE5F002F8B87 /* Frameworks */ = {
			isa = PBXFrameworksBuildPhase;
			buildActionMask = 2147483647;
			files = (
			);
			runOnlyForDeploymentPostprocessing = 0;
		};
/* End PBXFrameworksBuildPhase section */

/* Begin PBXGroup section */
		417E5E3F2B55EE5F002F8B87 = {
			isa = PBXGroup;
			children = (
				417E5E4A2B55EE5F002F8B87 /* UltimatePortfolio */,
				417E5E492B55EE5F002F8B87 /* Products */,
			);
			sourceTree = "<group>";
		};
		417E5E492B55EE5F002F8B87 /* Products */ = {
			isa = PBXGroup;
			children = (
				417E5E482B55EE5F002F8B87 /* UltimatePortfolio.app */,
			);
			name = Products;
			sourceTree = "<group>";
		};
		417E5E4A2B55EE5F002F8B87 /* UltimatePortfolio */ = {
			isa = PBXGroup;
			children = (
				41CD14DE2B576FE500DFA242 /* Info.plist */,
				417E5E4B2B55EE5F002F8B87 /* UltimatePortfolioApp.swift */,
				41CD14DC2B575A3400DFA242 /* DataController.swift */,
				417E5E4D2B55EE5F002F8B87 /* ContentView.swift */,
				41CD14DF2B5894E700DFA242 /* SidebarView.swift */,
				41CD14E12B58950E00DFA242 /* DetailView.swift */,
				4145D4A02B59F36F0002CA91 /* IssueView.swift */,
				4141C6F72B61D69D0036EC84 /* AwardsView.swift */,
				4145D4A22B59F37C0002CA91 /* NoIssueView.swift */,
				4145D49E2B59D4270002CA91 /* IssueRow.swift */,
				41CD14E32B589BEC00DFA242 /* Filter.swift */,
				4141C6F52B61D55C0036EC84 /* Award.swift */,
				41D3465B2B608B6D00F0F9D4 /* Bundle-Decodable.swift */,
				4117A5802B58B7DF006BD701 /* Issue-CoreDataHelpers.swift */,
				4117A5822B58B986006BD701 /* Tag-CoreDataHelpers.swift */,
				41CD14D92B57529700DFA242 /* Main.xcdatamodeld */,
				4141C6F22B61D2560036EC84 /* Awards.json */,
				4141C6F12B61D2560036EC84 /* Colors.xcassets */,
				417E5E4F2B55EE61002F8B87 /* Assets.xcassets */,
				417E5E512B55EE61002F8B87 /* UltimatePortfolio.entitlements */,
				417E5E522B55EE61002F8B87 /* Preview Content */,
			);
			path = UltimatePortfolio;
			sourceTree = "<group>";
		};
		417E5E522B55EE61002F8B87 /* Preview Content */ = {
			isa = PBXGroup;
			children = (
				417E5E532B55EE61002F8B87 /* Preview Assets.xcassets */,
			);
			path = "Preview Content";
			sourceTree = "<group>";
		};
/* End PBXGroup section */

/* Begin PBXNativeTarget section */
		417E5E472B55EE5F002F8B87 /* UltimatePortfolio */ = {
			isa = PBXNativeTarget;
			buildConfigurationList = 417E5E572B55EE61002F8B87 /* Build configuration list for PBXNativeTarget "UltimatePortfolio" */;
			buildPhases = (
				417E5E442B55EE5F002F8B87 /* Sources */,
				417E5E452B55EE5F002F8B87 /* Frameworks */,
				417E5E462B55EE5F002F8B87 /* Resources */,
			);
			buildRules = (
			);
			dependencies = (
			);
			name = UltimatePortfolio;
			productName = UltimatePortfolio;
			productReference = 417E5E482B55EE5F002F8B87 /* UltimatePortfolio.app */;
			productType = "com.apple.product-type.application";
		};
/* End PBXNativeTarget section */

/* Begin PBXProject section */
		417E5E402B55EE5F002F8B87 /* Project object */ = {
			isa = PBXProject;
			attributes = {
				BuildIndependentTargetsInParallel = 1;
				LastSwiftUpdateCheck = 1520;
				LastUpgradeCheck = 1520;
				TargetAttributes = {
					417E5E472B55EE5F002F8B87 = {
						CreatedOnToolsVersion = 15.2;
					};
				};
			};
			buildConfigurationList = 417E5E432B55EE5F002F8B87 /* Build configuration list for PBXProject "UltimatePortfolio" */;
			compatibilityVersion = "Xcode 14.0";
			developmentRegion = en;
			hasScannedForEncodings = 0;
			knownRegions = (
				en,
				Base,
			);
			mainGroup = 417E5E3F2B55EE5F002F8B87;
			productRefGroup = 417E5E492B55EE5F002F8B87 /* Products */;
			projectDirPath = "";
			projectRoot = "";
			targets = (
				417E5E472B55EE5F002F8B87 /* UltimatePortfolio */,
			);
		};
/* End PBXProject section */

/* Begin PBXResourcesBuildPhase section */
		417E5E462B55EE5F002F8B87 /* Resources */ = {
			isa = PBXResourcesBuildPhase;
			buildActionMask = 2147483647;
			files = (
				4141C6F32B61D2560036EC84 /* Colors.xcassets in Resources */,
				4141C6F42B61D2560036EC84 /* Awards.json in Resources */,
				417E5E542B55EE61002F8B87 /* Preview Assets.xcassets in Resources */,
				417E5E502B55EE61002F8B87 /* Assets.xcassets in Resources */,
			);
			runOnlyForDeploymentPostprocessing = 0;
		};
/* End PBXResourcesBuildPhase section */

/* Begin PBXSourcesBuildPhase section */
		417E5E442B55EE5F002F8B87 /* Sources */ = {
			isa = PBXSourcesBuildPhase;
			buildActionMask = 2147483647;
			files = (
				41CD14E42B589BEC00DFA242 /* Filter.swift in Sources */,
				4141C6F62B61D55C0036EC84 /* Award.swift in Sources */,
				4141C6F82B61D69D0036EC84 /* AwardsView.swift in Sources */,
				4117A5832B58B986006BD701 /* Tag-CoreDataHelpers.swift in Sources */,
				41CD14DB2B57529700DFA242 /* Main.xcdatamodeld in Sources */,
				4117A5812B58B7DF006BD701 /* Issue-CoreDataHelpers.swift in Sources */,
				41D3465C2B608B6D00F0F9D4 /* Bundle-Decodable.swift in Sources */,
				41CD14E22B58950E00DFA242 /* DetailView.swift in Sources */,
				41CD14DD2B575A3400DFA242 /* DataController.swift in Sources */,
				41CD14E02B5894E700DFA242 /* SidebarView.swift in Sources */,
				417E5E4E2B55EE5F002F8B87 /* ContentView.swift in Sources */,
				4145D4A12B59F36F0002CA91 /* IssueView.swift in Sources */,
				4145D4A32B59F37C0002CA91 /* NoIssueView.swift in Sources */,
				4145D49F2B59D4270002CA91 /* IssueRow.swift in Sources */,
				417E5E4C2B55EE5F002F8B87 /* UltimatePortfolioApp.swift in Sources */,
			);
			runOnlyForDeploymentPostprocessing = 0;
		};
/* End PBXSourcesBuildPhase section */

/* Begin XCBuildConfiguration section */
		417E5E552B55EE61002F8B87 /* Debug */ = {
			isa = XCBuildConfiguration;
			buildSettings = {
				ALWAYS_SEARCH_USER_PATHS = NO;
				ASSETCATALOG_COMPILER_GENERATE_SWIFT_ASSET_SYMBOL_EXTENSIONS = YES;
				CLANG_ANALYZER_NONNULL = YES;
				CLANG_ANALYZER_NUMBER_OBJECT_CONVERSION = YES_AGGRESSIVE;
				CLANG_CXX_LANGUAGE_STANDARD = "gnu++20";
				CLANG_ENABLE_MODULES = YES;
				CLANG_ENABLE_OBJC_ARC = YES;
				CLANG_ENABLE_OBJC_WEAK = YES;
				CLANG_WARN_BLOCK_CAPTURE_AUTORELEASING = YES;
				CLANG_WARN_BOOL_CONVERSION = YES;
				CLANG_WARN_COMMA = YES;
				CLANG_WARN_CONSTANT_CONVERSION = YES;
				CLANG_WARN_DEPRECATED_OBJC_IMPLEMENTATIONS = YES;
				CLANG_WARN_DIRECT_OBJC_ISA_USAGE = YES_ERROR;
				CLANG_WARN_DOCUMENTATION_COMMENTS = YES;
				CLANG_WARN_EMPTY_BODY = YES;
				CLANG_WARN_ENUM_CONVERSION = YES;
				CLANG_WARN_INFINITE_RECURSION = YES;
				CLANG_WARN_INT_CONVERSION = YES;
				CLANG_WARN_NON_LITERAL_NULL_CONVERSION = YES;
				CLANG_WARN_OBJC_IMPLICIT_RETAIN_SELF = YES;
				CLANG_WARN_OBJC_LITERAL_CONVERSION = YES;
				CLANG_WARN_OBJC_ROOT_CLASS = YES_ERROR;
				CLANG_WARN_QUOTED_INCLUDE_IN_FRAMEWORK_HEADER = YES;
				CLANG_WARN_RANGE_LOOP_ANALYSIS = YES;
				CLANG_WARN_STRICT_PROTOTYPES = YES;
				CLANG_WARN_SUSPICIOUS_MOVE = YES;
				CLANG_WARN_UNGUARDED_AVAILABILITY = YES_AGGRESSIVE;
				CLANG_WARN_UNREACHABLE_CODE = YES;
				CLANG_WARN__DUPLICATE_METHOD_MATCH = YES;
				COPY_PHASE_STRIP = NO;
				DEBUG_INFORMATION_FORMAT = dwarf;
				ENABLE_STRICT_OBJC_MSGSEND = YES;
				ENABLE_TESTABILITY = YES;
				ENABLE_USER_SCRIPT_SANDBOXING = YES;
				GCC_C_LANGUAGE_STANDARD = gnu17;
				GCC_DYNAMIC_NO_PIC = NO;
				GCC_NO_COMMON_BLOCKS = YES;
				GCC_OPTIMIZATION_LEVEL = 0;
				GCC_PREPROCESSOR_DEFINITIONS = (
					"DEBUG=1",
					"$(inherited)",
				);
				GCC_WARN_64_TO_32_BIT_CONVERSION = YES;
				GCC_WARN_ABOUT_RETURN_TYPE = YES_ERROR;
				GCC_WARN_UNDECLARED_SELECTOR = YES;
				GCC_WARN_UNINITIALIZED_AUTOS = YES_AGGRESSIVE;
				GCC_WARN_UNUSED_FUNCTION = YES;
				GCC_WARN_UNUSED_VARIABLE = YES;
				LOCALIZATION_PREFERS_STRING_CATALOGS = YES;
				MTL_ENABLE_DEBUG_INFO = INCLUDE_SOURCE;
				MTL_FAST_MATH = YES;
				ONLY_ACTIVE_ARCH = YES;
				SWIFT_ACTIVE_COMPILATION_CONDITIONS = "DEBUG $(inherited)";
				SWIFT_OPTIMIZATION_LEVEL = "-Onone";
			};
			name = Debug;
		};
		417E5E562B55EE61002F8B87 /* Release */ = {
			isa = XCBuildConfiguration;
			buildSettings = {
				ALWAYS_SEARCH_USER_PATHS = NO;
				ASSETCATALOG_COMPILER_GENERATE_SWIFT_ASSET_SYMBOL_EXTENSIONS = YES;
				CLANG_ANALYZER_NONNULL = YES;
				CLANG_ANALYZER_NUMBER_OBJECT_CONVERSION = YES_AGGRESSIVE;
				CLANG_CXX_LANGUAGE_STANDARD = "gnu++20";
				CLANG_ENABLE_MODULES = YES;
				CLANG_ENABLE_OBJC_ARC = YES;
				CLANG_ENABLE_OBJC_WEAK = YES;
				CLANG_WARN_BLOCK_CAPTURE_AUTORELEASING = YES;
				CLANG_WARN_BOOL_CONVERSION = YES;
				CLANG_WARN_COMMA = YES;
				CLANG_WARN_CONSTANT_CONVERSION = YES;
				CLANG_WARN_DEPRECATED_OBJC_IMPLEMENTATIONS = YES;
				CLANG_WARN_DIRECT_OBJC_ISA_USAGE = YES_ERROR;
				CLANG_WARN_DOCUMENTATION_COMMENTS = YES;
				CLANG_WARN_EMPTY_BODY = YES;
				CLANG_WARN_ENUM_CONVERSION = YES;
				CLANG_WARN_INFINITE_RECURSION = YES;
				CLANG_WARN_INT_CONVERSION = YES;
				CLANG_WARN_NON_LITERAL_NULL_CONVERSION = YES;
				CLANG_WARN_OBJC_IMPLICIT_RETAIN_SELF = YES;
				CLANG_WARN_OBJC_LITERAL_CONVERSION = YES;
				CLANG_WARN_OBJC_ROOT_CLASS = YES_ERROR;
				CLANG_WARN_QUOTED_INCLUDE_IN_FRAMEWORK_HEADER = YES;
				CLANG_WARN_RANGE_LOOP_ANALYSIS = YES;
				CLANG_WARN_STRICT_PROTOTYPES = YES;
				CLANG_WARN_SUSPICIOUS_MOVE = YES;
				CLANG_WARN_UNGUARDED_AVAILABILITY = YES_AGGRESSIVE;
				CLANG_WARN_UNREACHABLE_CODE = YES;
				CLANG_WARN__DUPLICATE_METHOD_MATCH = YES;
				COPY_PHASE_STRIP = NO;
				DEBUG_INFORMATION_FORMAT = "dwarf-with-dsym";
				ENABLE_NS_ASSERTIONS = NO;
				ENABLE_STRICT_OBJC_MSGSEND = YES;
				ENABLE_USER_SCRIPT_SANDBOXING = YES;
				GCC_C_LANGUAGE_STANDARD = gnu17;
				GCC_NO_COMMON_BLOCKS = YES;
				GCC_WARN_64_TO_32_BIT_CONVERSION = YES;
				GCC_WARN_ABOUT_RETURN_TYPE = YES_ERROR;
				GCC_WARN_UNDECLARED_SELECTOR = YES;
				GCC_WARN_UNINITIALIZED_AUTOS = YES_AGGRESSIVE;
				GCC_WARN_UNUSED_FUNCTION = YES;
				GCC_WARN_UNUSED_VARIABLE = YES;
				LOCALIZATION_PREFERS_STRING_CATALOGS = YES;
				MTL_ENABLE_DEBUG_INFO = NO;
				MTL_FAST_MATH = YES;
				SWIFT_COMPILATION_MODE = wholemodule;
			};
			name = Release;
		};
		417E5E582B55EE61002F8B87 /* Debug */ = {
			isa = XCBuildConfiguration;
			buildSettings = {
				ASSETCATALOG_COMPILER_APPICON_NAME = AppIcon;
				ASSETCATALOG_COMPILER_GLOBAL_ACCENT_COLOR_NAME = AccentColor;
				CODE_SIGN_ENTITLEMENTS = UltimatePortfolio/UltimatePortfolio.entitlements;
				CODE_SIGN_STYLE = Automatic;
				CURRENT_PROJECT_VERSION = 1;
				DEVELOPMENT_ASSET_PATHS = "\"UltimatePortfolio/Preview Content\"";
				DEVELOPMENT_TEAM = CWCBRR328H;
				ENABLE_HARDENED_RUNTIME = YES;
				ENABLE_PREVIEWS = YES;
				GENERATE_INFOPLIST_FILE = YES;
				INFOPLIST_FILE = UltimatePortfolio/Info.plist;
				"INFOPLIST_KEY_UIApplicationSceneManifest_Generation[sdk=iphoneos*]" = YES;
				"INFOPLIST_KEY_UIApplicationSceneManifest_Generation[sdk=iphonesimulator*]" = YES;
				"INFOPLIST_KEY_UIApplicationSupportsIndirectInputEvents[sdk=iphoneos*]" = YES;
				"INFOPLIST_KEY_UIApplicationSupportsIndirectInputEvents[sdk=iphonesimulator*]" = YES;
				"INFOPLIST_KEY_UILaunchScreen_Generation[sdk=iphoneos*]" = YES;
				"INFOPLIST_KEY_UILaunchScreen_Generation[sdk=iphonesimulator*]" = YES;
				"INFOPLIST_KEY_UIStatusBarStyle[sdk=iphoneos*]" = UIStatusBarStyleDefault;
				"INFOPLIST_KEY_UIStatusBarStyle[sdk=iphonesimulator*]" = UIStatusBarStyleDefault;
				INFOPLIST_KEY_UISupportedInterfaceOrientations_iPad = "UIInterfaceOrientationPortrait UIInterfaceOrientationPortraitUpsideDown UIInterfaceOrientationLandscapeLeft UIInterfaceOrientationLandscapeRight";
				INFOPLIST_KEY_UISupportedInterfaceOrientations_iPhone = "UIInterfaceOrientationPortrait UIInterfaceOrientationLandscapeLeft UIInterfaceOrientationLandscapeRight";
				IPHONEOS_DEPLOYMENT_TARGET = 17.2;
				LD_RUNPATH_SEARCH_PATHS = "@executable_path/Frameworks";
				"LD_RUNPATH_SEARCH_PATHS[sdk=macosx*]" = "@executable_path/../Frameworks";
				MACOSX_DEPLOYMENT_TARGET = 14.2;
				MARKETING_VERSION = 1.0;
				PRODUCT_BUNDLE_IDENTIFIER = BJ914.UltimatePortfolio;
				PRODUCT_NAME = "$(TARGET_NAME)";
				SDKROOT = auto;
				SUPPORTED_PLATFORMS = "iphoneos iphonesimulator macosx";
				SWIFT_EMIT_LOC_STRINGS = YES;
				SWIFT_VERSION = 5.0;
				TARGETED_DEVICE_FAMILY = "1,2";
			};
			name = Debug;
		};
		417E5E592B55EE61002F8B87 /* Release */ = {
			isa = XCBuildConfiguration;
			buildSettings = {
				ASSETCATALOG_COMPILER_APPICON_NAME = AppIcon;
				ASSETCATALOG_COMPILER_GLOBAL_ACCENT_COLOR_NAME = AccentColor;
				CODE_SIGN_ENTITLEMENTS = UltimatePortfolio/UltimatePortfolio.entitlements;
				CODE_SIGN_STYLE = Automatic;
				CURRENT_PROJECT_VERSION = 1;
				DEVELOPMENT_ASSET_PATHS = "\"UltimatePortfolio/Preview Content\"";
				DEVELOPMENT_TEAM = CWCBRR328H;
				ENABLE_HARDENED_RUNTIME = YES;
				ENABLE_PREVIEWS = YES;
				GENERATE_INFOPLIST_FILE = YES;
				INFOPLIST_FILE = UltimatePortfolio/Info.plist;
				"INFOPLIST_KEY_UIApplicationSceneManifest_Generation[sdk=iphoneos*]" = YES;
				"INFOPLIST_KEY_UIApplicationSceneManifest_Generation[sdk=iphonesimulator*]" = YES;
				"INFOPLIST_KEY_UIApplicationSupportsIndirectInputEvents[sdk=iphoneos*]" = YES;
				"INFOPLIST_KEY_UIApplicationSupportsIndirectInputEvents[sdk=iphonesimulator*]" = YES;
				"INFOPLIST_KEY_UILaunchScreen_Generation[sdk=iphoneos*]" = YES;
				"INFOPLIST_KEY_UILaunchScreen_Generation[sdk=iphonesimulator*]" = YES;
				"INFOPLIST_KEY_UIStatusBarStyle[sdk=iphoneos*]" = UIStatusBarStyleDefault;
				"INFOPLIST_KEY_UIStatusBarStyle[sdk=iphonesimulator*]" = UIStatusBarStyleDefault;
				INFOPLIST_KEY_UISupportedInterfaceOrientations_iPad = "UIInterfaceOrientationPortrait UIInterfaceOrientationPortraitUpsideDown UIInterfaceOrientationLandscapeLeft UIInterfaceOrientationLandscapeRight";
				INFOPLIST_KEY_UISupportedInterfaceOrientations_iPhone = "UIInterfaceOrientationPortrait UIInterfaceOrientationLandscapeLeft UIInterfaceOrientationLandscapeRight";
				IPHONEOS_DEPLOYMENT_TARGET = 17.2;
				LD_RUNPATH_SEARCH_PATHS = "@executable_path/Frameworks";
				"LD_RUNPATH_SEARCH_PATHS[sdk=macosx*]" = "@executable_path/../Frameworks";
				MACOSX_DEPLOYMENT_TARGET = 14.2;
				MARKETING_VERSION = 1.0;
				PRODUCT_BUNDLE_IDENTIFIER = BJ914.UltimatePortfolio;
				PRODUCT_NAME = "$(TARGET_NAME)";
				SDKROOT = auto;
				SUPPORTED_PLATFORMS = "iphoneos iphonesimulator macosx";
				SWIFT_EMIT_LOC_STRINGS = YES;
				SWIFT_VERSION = 5.0;
				TARGETED_DEVICE_FAMILY = "1,2";
			};
			name = Release;
		};
/* End XCBuildConfiguration section */

/* Begin XCConfigurationList section */
		417E5E432B55EE5F002F8B87 /* Build configuration list for PBXProject "UltimatePortfolio" */ = {
			isa = XCConfigurationList;
			buildConfigurations = (
				417E5E552B55EE61002F8B87 /* Debug */,
				417E5E562B55EE61002F8B87 /* Release */,
			);
			defaultConfigurationIsVisible = 0;
			defaultConfigurationName = Release;
		};
		417E5E572B55EE61002F8B87 /* Build configuration list for PBXNativeTarget "UltimatePortfolio" */ = {
			isa = XCConfigurationList;
			buildConfigurations = (
				417E5E582B55EE61002F8B87 /* Debug */,
				417E5E592B55EE61002F8B87 /* Release */,
			);
			defaultConfigurationIsVisible = 0;
			defaultConfigurationName = Release;
		};
/* End XCConfigurationList section */

/* Begin XCVersionGroup section */
		41CD14D92B57529700DFA242 /* Main.xcdatamodeld */ = {
			isa = XCVersionGroup;
			children = (
				41CD14DA2B57529700DFA242 /* Main.xcdatamodel */,
			);
			currentVersion = 41CD14DA2B57529700DFA242 /* Main.xcdatamodel */;
			path = Main.xcdatamodeld;
			sourceTree = "<group>";
			versionGroupType = wrapper.xcdatamodel;
		};
/* End XCVersionGroup section */
	};
	rootObject = 417E5E402B55EE5F002F8B87 /* Project object */;
}
